
Microsoft Visual Studio Solution File, Format Version 12.00
# Visual Studio Version 17
VisualStudioVersion = 17.3.32901.215
MinimumVisualStudioVersion = 10.0.40219.1
Project("{2150E333-8FDC-42A3-9474-1A3956D46DE8}") = "Services", "Services", "{2715EA09-DE23-4C1D-92A6-BC9D0DB1577B}"
EndProject
Project("{2150E333-8FDC-42A3-9474-1A3956D46DE8}") = "Catalog", "Catalog", "{111059E5-E4E9-4756-AE6C-659632DBD3E5}"
EndProject
Project("{9A19103F-16F7-4668-BE54-9A1E7A4F7556}") = "FreeCourses.Services.Catalog", "Services\Catalog\FreeCourses.Services.Catalog\FreeCourses.Services.Catalog.csproj", "{23B671C9-E5E8-4CB0-AA62-63825FEEF764}"
EndProject
Project("{2150E333-8FDC-42A3-9474-1A3956D46DE8}") = "Solution Items", "Solution Items", "{B87FF98B-A8FD-493E-8F3E-23FD85B77CD3}"
	ProjectSection(SolutionItems) = preProject
		01-CatalogSteps.txt = 01-CatalogSteps.txt
		02-IdentityServerSteps.txt = 02-IdentityServerSteps.txt
		03-CatalogAPIkoruma.txt = 03-CatalogAPIkoruma.txt
		04-ResourceOwnerGrantType.txt = 04-ResourceOwnerGrantType.txt
		05-PhotostockAPI.txt = 05-PhotostockAPI.txt
		06-BasketAPI.txt = 06-BasketAPI.txt
		07-DiscountAPI.txt = 07-DiscountAPI.txt
		08-OrderAPI-Part1-DDD-CQRS.txt = 08-OrderAPI-Part1-DDD-CQRS.txt
		09-OrderAPI-Part2.txt = 09-OrderAPI-Part2.txt
		10-OrderAPI-Part3-CQRS.txt = 10-OrderAPI-Part3-CQRS.txt
		11-OrderAPI-Part4.txt = 11-OrderAPI-Part4.txt
		12-Gateway.txt = 12-Gateway.txt
		13-Client-Part1-CookieAuth-identityServerVs.txt = 13-Client-Part1-CookieAuth-identityServerVs.txt
		Ports.txt = Ports.txt
		Yapılanlar.txt = Yapılanlar.txt
	EndProjectSection
EndProject
Project("{2150E333-8FDC-42A3-9474-1A3956D46DE8}") = "Shared", "Shared", "{43CBB3C6-70A3-41EA-BF59-827BAAA72FEC}"
EndProject
Project("{9A19103F-16F7-4668-BE54-9A1E7A4F7556}") = "FreeCourses.Shared", "Shared\FreeCourses.Shared\FreeCourses.Shared.csproj", "{245FCB44-E28E-4E15-8D6C-AE6A62BD094B}"
EndProject
Project("{2150E333-8FDC-42A3-9474-1A3956D46DE8}") = "IdentityServer", "IdentityServer", "{A717746F-E355-41AC-A5E2-AA80F83520DE}"
EndProject
Project("{9A19103F-16F7-4668-BE54-9A1E7A4F7556}") = "FreeCourses.IdentityServer", "IdentityServer\FreeCourses.IdentityServer\FreeCourses.IdentityServer.csproj", "{61D43A29-2616-4088-995F-067770844C1F}"
EndProject
Project("{2150E333-8FDC-42A3-9474-1A3956D46DE8}") = "PhotoStock", "PhotoStock", "{EE4AB5E3-A40F-4F52-8C28-6F6C4755F2D7}"
EndProject
Project("{9A19103F-16F7-4668-BE54-9A1E7A4F7556}") = "FreeCourses.Services.PhotoStock", "Services\PhotoStock\FreeCourses.Services.PhotoStock\FreeCourses.Services.PhotoStock.csproj", "{8E582F5F-4AC5-4FA0-B7A2-B4E74F6AEB81}"
EndProject
Project("{2150E333-8FDC-42A3-9474-1A3956D46DE8}") = "Basket", "Basket", "{506FABCA-0BC2-42BF-B50C-A4AB025AC471}"
EndProject
Project("{9A19103F-16F7-4668-BE54-9A1E7A4F7556}") = "FreeCourses.Services.Basket", "Services\Basket\FreeCourses.Services.Basket\FreeCourses.Services.Basket.csproj", "{2271C32F-9599-48F6-BF49-076744E86B44}"
EndProject
Project("{2150E333-8FDC-42A3-9474-1A3956D46DE8}") = "Discount", "Discount", "{B3C2B606-A0F9-42F7-B6AD-9D21D229615B}"
EndProject
Project("{9A19103F-16F7-4668-BE54-9A1E7A4F7556}") = "FreeCourses.Services.Discount", "Services\Discount\FreeCourses.Services.Discount\FreeCourses.Services.Discount.csproj", "{D9AC1AFE-46EA-439A-9531-2DA5D3301D2B}"
EndProject
Project("{2150E333-8FDC-42A3-9474-1A3956D46DE8}") = "Order", "Order", "{1771E60D-948D-4B58-8927-7768A335B6C8}"
EndProject
Project("{9A19103F-16F7-4668-BE54-9A1E7A4F7556}") = "FreeCourses.Services.Order.API", "Services\Order\FreeCourses.Services.Order.API\FreeCourses.Services.Order.API.csproj", "{4AAACD8A-32B6-4F0E-A5D1-242BD175C422}"
EndProject
Project("{9A19103F-16F7-4668-BE54-9A1E7A4F7556}") = "FreeCourses.Services.Order.Application", "Services\Order\FreeCourses.Services.Order.Application\FreeCourses.Services.Order.Application.csproj", "{A54C9B9E-679A-43F7-B27D-A902706925BD}"
EndProject
Project("{9A19103F-16F7-4668-BE54-9A1E7A4F7556}") = "FreeCourses.Services.Order.Domain", "Services\Order\FreeCourses.Services.Order.Domain\FreeCourses.Services.Order.Domain.csproj", "{D77207CE-1641-4C64-95B6-9BCE920C63A3}"
EndProject
Project("{9A19103F-16F7-4668-BE54-9A1E7A4F7556}") = "FreeCourses.Services.Order.Domain.Core", "Services\Order\FreeCourses.Services.Order.Domain.Core\FreeCourses.Services.Order.Domain.Core.csproj", "{FC17A0A3-6335-4A5E-A57E-7069A441261F}"
EndProject
Project("{9A19103F-16F7-4668-BE54-9A1E7A4F7556}") = "FreeCourses.Services.Order.Infrastructure", "Services\Order\FreeCourses.Services.Order.Infrastructure\FreeCourses.Services.Order.Infrastructure.csproj", "{7F2273D1-E43A-4BC2-957C-FA4FF1516B5F}"
EndProject
Project("{2150E333-8FDC-42A3-9474-1A3956D46DE8}") = "FakePayment", "FakePayment", "{90DCDD13-6435-4B03-B771-C004D3C88955}"
EndProject
Project("{9A19103F-16F7-4668-BE54-9A1E7A4F7556}") = "FreeCourses.Services.FakePayment", "Services\FakePayment\FreeCourses.Services.FakePayment\FreeCourses.Services.FakePayment.csproj", "{93A69E7F-75EA-44D2-9722-82FACD4651AE}"
EndProject
Project("{2150E333-8FDC-42A3-9474-1A3956D46DE8}") = "Gateways", "Gateways", "{FB085245-E91E-464E-81DC-39CADBB76247}"
EndProject
Project("{9A19103F-16F7-4668-BE54-9A1E7A4F7556}") = "FreeCourses.Gateway", "FreeCourses.Gateway\FreeCourses.Gateway.csproj", "{1A8725B0-9F95-4045-ACBA-7DECDA798BEE}"
EndProject
Project("{2150E333-8FDC-42A3-9474-1A3956D46DE8}") = "FrontEnds", "FrontEnds", "{1B24D5C3-69A0-4779-9F60-99E3E849EED6}"
EndProject
Project("{FAE04EC0-301F-11D3-BF4B-00C04F79EFBC}") = "FreeCourses.Web", "FrontEnds\FreeCourses.Web\FreeCourses.Web.csproj", "{B0E19F64-8B8D-43EE-8605-39C27D736A22}"
EndProject
Global
	GlobalSection(SolutionConfigurationPlatforms) = preSolution
		Debug|Any CPU = Debug|Any CPU
		Release|Any CPU = Release|Any CPU
	EndGlobalSection
	GlobalSection(ProjectConfigurationPlatforms) = postSolution
		{23B671C9-E5E8-4CB0-AA62-63825FEEF764}.Debug|Any CPU.ActiveCfg = Debug|Any CPU
		{23B671C9-E5E8-4CB0-AA62-63825FEEF764}.Debug|Any CPU.Build.0 = Debug|Any CPU
		{23B671C9-E5E8-4CB0-AA62-63825FEEF764}.Release|Any CPU.ActiveCfg = Release|Any CPU
		{23B671C9-E5E8-4CB0-AA62-63825FEEF764}.Release|Any CPU.Build.0 = Release|Any CPU
		{245FCB44-E28E-4E15-8D6C-AE6A62BD094B}.Debug|Any CPU.ActiveCfg = Debug|Any CPU
		{245FCB44-E28E-4E15-8D6C-AE6A62BD094B}.Debug|Any CPU.Build.0 = Debug|Any CPU
		{245FCB44-E28E-4E15-8D6C-AE6A62BD094B}.Release|Any CPU.ActiveCfg = Release|Any CPU
		{245FCB44-E28E-4E15-8D6C-AE6A62BD094B}.Release|Any CPU.Build.0 = Release|Any CPU
		{61D43A29-2616-4088-995F-067770844C1F}.Debug|Any CPU.ActiveCfg = Debug|Any CPU
		{61D43A29-2616-4088-995F-067770844C1F}.Debug|Any CPU.Build.0 = Debug|Any CPU
		{61D43A29-2616-4088-995F-067770844C1F}.Release|Any CPU.ActiveCfg = Release|Any CPU
		{61D43A29-2616-4088-995F-067770844C1F}.Release|Any CPU.Build.0 = Release|Any CPU
		{8E582F5F-4AC5-4FA0-B7A2-B4E74F6AEB81}.Debug|Any CPU.ActiveCfg = Debug|Any CPU
		{8E582F5F-4AC5-4FA0-B7A2-B4E74F6AEB81}.Debug|Any CPU.Build.0 = Debug|Any CPU
		{8E582F5F-4AC5-4FA0-B7A2-B4E74F6AEB81}.Release|Any CPU.ActiveCfg = Release|Any CPU
		{8E582F5F-4AC5-4FA0-B7A2-B4E74F6AEB81}.Release|Any CPU.Build.0 = Release|Any CPU
		{2271C32F-9599-48F6-BF49-076744E86B44}.Debug|Any CPU.ActiveCfg = Debug|Any CPU
		{2271C32F-9599-48F6-BF49-076744E86B44}.Debug|Any CPU.Build.0 = Debug|Any CPU
		{2271C32F-9599-48F6-BF49-076744E86B44}.Release|Any CPU.ActiveCfg = Release|Any CPU
		{2271C32F-9599-48F6-BF49-076744E86B44}.Release|Any CPU.Build.0 = Release|Any CPU
		{D9AC1AFE-46EA-439A-9531-2DA5D3301D2B}.Debug|Any CPU.ActiveCfg = Debug|Any CPU
		{D9AC1AFE-46EA-439A-9531-2DA5D3301D2B}.Debug|Any CPU.Build.0 = Debug|Any CPU
		{D9AC1AFE-46EA-439A-9531-2DA5D3301D2B}.Release|Any CPU.ActiveCfg = Release|Any CPU
		{D9AC1AFE-46EA-439A-9531-2DA5D3301D2B}.Release|Any CPU.Build.0 = Release|Any CPU
		{4AAACD8A-32B6-4F0E-A5D1-242BD175C422}.Debug|Any CPU.ActiveCfg = Debug|Any CPU
		{4AAACD8A-32B6-4F0E-A5D1-242BD175C422}.Debug|Any CPU.Build.0 = Debug|Any CPU
		{4AAACD8A-32B6-4F0E-A5D1-242BD175C422}.Release|Any CPU.ActiveCfg = Release|Any CPU
		{4AAACD8A-32B6-4F0E-A5D1-242BD175C422}.Release|Any CPU.Build.0 = Release|Any CPU
		{A54C9B9E-679A-43F7-B27D-A902706925BD}.Debug|Any CPU.ActiveCfg = Debug|Any CPU
		{A54C9B9E-679A-43F7-B27D-A902706925BD}.Debug|Any CPU.Build.0 = Debug|Any CPU
		{A54C9B9E-679A-43F7-B27D-A902706925BD}.Release|Any CPU.ActiveCfg = Release|Any CPU
		{A54C9B9E-679A-43F7-B27D-A902706925BD}.Release|Any CPU.Build.0 = Release|Any CPU
		{D77207CE-1641-4C64-95B6-9BCE920C63A3}.Debug|Any CPU.ActiveCfg = Debug|Any CPU
		{D77207CE-1641-4C64-95B6-9BCE920C63A3}.Debug|Any CPU.Build.0 = Debug|Any CPU
		{D77207CE-1641-4C64-95B6-9BCE920C63A3}.Release|Any CPU.ActiveCfg = Release|Any CPU
		{D77207CE-1641-4C64-95B6-9BCE920C63A3}.Release|Any CPU.Build.0 = Release|Any CPU
		{FC17A0A3-6335-4A5E-A57E-7069A441261F}.Debug|Any CPU.ActiveCfg = Debug|Any CPU
		{FC17A0A3-6335-4A5E-A57E-7069A441261F}.Debug|Any CPU.Build.0 = Debug|Any CPU
		{FC17A0A3-6335-4A5E-A57E-7069A441261F}.Release|Any CPU.ActiveCfg = Release|Any CPU
		{FC17A0A3-6335-4A5E-A57E-7069A441261F}.Release|Any CPU.Build.0 = Release|Any CPU
		{7F2273D1-E43A-4BC2-957C-FA4FF1516B5F}.Debug|Any CPU.ActiveCfg = Debug|Any CPU
		{7F2273D1-E43A-4BC2-957C-FA4FF1516B5F}.Debug|Any CPU.Build.0 = Debug|Any CPU
		{7F2273D1-E43A-4BC2-957C-FA4FF1516B5F}.Release|Any CPU.ActiveCfg = Release|Any CPU
		{7F2273D1-E43A-4BC2-957C-FA4FF1516B5F}.Release|Any CPU.Build.0 = Release|Any CPU
		{93A69E7F-75EA-44D2-9722-82FACD4651AE}.Debug|Any CPU.ActiveCfg = Debug|Any CPU
		{93A69E7F-75EA-44D2-9722-82FACD4651AE}.Debug|Any CPU.Build.0 = Debug|Any CPU
		{93A69E7F-75EA-44D2-9722-82FACD4651AE}.Release|Any CPU.ActiveCfg = Release|Any CPU
		{93A69E7F-75EA-44D2-9722-82FACD4651AE}.Release|Any CPU.Build.0 = Release|Any CPU
		{1A8725B0-9F95-4045-ACBA-7DECDA798BEE}.Debug|Any CPU.ActiveCfg = Debug|Any CPU
		{1A8725B0-9F95-4045-ACBA-7DECDA798BEE}.Debug|Any CPU.Build.0 = Debug|Any CPU
		{1A8725B0-9F95-4045-ACBA-7DECDA798BEE}.Release|Any CPU.ActiveCfg = Release|Any CPU
		{1A8725B0-9F95-4045-ACBA-7DECDA798BEE}.Release|Any CPU.Build.0 = Release|Any CPU
		{B0E19F64-8B8D-43EE-8605-39C27D736A22}.Debug|Any CPU.ActiveCfg = Debug|Any CPU
		{B0E19F64-8B8D-43EE-8605-39C27D736A22}.Debug|Any CPU.Build.0 = Debug|Any CPU
		{B0E19F64-8B8D-43EE-8605-39C27D736A22}.Release|Any CPU.ActiveCfg = Release|Any CPU
		{B0E19F64-8B8D-43EE-8605-39C27D736A22}.Release|Any CPU.Build.0 = Release|Any CPU
	EndGlobalSection
	GlobalSection(SolutionProperties) = preSolution
		HideSolutionNode = FALSE
	EndGlobalSection
	GlobalSection(NestedProjects) = preSolution
		{111059E5-E4E9-4756-AE6C-659632DBD3E5} = {2715EA09-DE23-4C1D-92A6-BC9D0DB1577B}
		{23B671C9-E5E8-4CB0-AA62-63825FEEF764} = {111059E5-E4E9-4756-AE6C-659632DBD3E5}
		{245FCB44-E28E-4E15-8D6C-AE6A62BD094B} = {43CBB3C6-70A3-41EA-BF59-827BAAA72FEC}
		{61D43A29-2616-4088-995F-067770844C1F} = {A717746F-E355-41AC-A5E2-AA80F83520DE}
		{EE4AB5E3-A40F-4F52-8C28-6F6C4755F2D7} = {2715EA09-DE23-4C1D-92A6-BC9D0DB1577B}
		{8E582F5F-4AC5-4FA0-B7A2-B4E74F6AEB81} = {EE4AB5E3-A40F-4F52-8C28-6F6C4755F2D7}
		{506FABCA-0BC2-42BF-B50C-A4AB025AC471} = {2715EA09-DE23-4C1D-92A6-BC9D0DB1577B}
		{2271C32F-9599-48F6-BF49-076744E86B44} = {506FABCA-0BC2-42BF-B50C-A4AB025AC471}
		{B3C2B606-A0F9-42F7-B6AD-9D21D229615B} = {2715EA09-DE23-4C1D-92A6-BC9D0DB1577B}
		{D9AC1AFE-46EA-439A-9531-2DA5D3301D2B} = {B3C2B606-A0F9-42F7-B6AD-9D21D229615B}
		{1771E60D-948D-4B58-8927-7768A335B6C8} = {2715EA09-DE23-4C1D-92A6-BC9D0DB1577B}
		{4AAACD8A-32B6-4F0E-A5D1-242BD175C422} = {1771E60D-948D-4B58-8927-7768A335B6C8}
		{A54C9B9E-679A-43F7-B27D-A902706925BD} = {1771E60D-948D-4B58-8927-7768A335B6C8}
		{D77207CE-1641-4C64-95B6-9BCE920C63A3} = {1771E60D-948D-4B58-8927-7768A335B6C8}
		{FC17A0A3-6335-4A5E-A57E-7069A441261F} = {1771E60D-948D-4B58-8927-7768A335B6C8}
		{7F2273D1-E43A-4BC2-957C-FA4FF1516B5F} = {1771E60D-948D-4B58-8927-7768A335B6C8}
		{90DCDD13-6435-4B03-B771-C004D3C88955} = {2715EA09-DE23-4C1D-92A6-BC9D0DB1577B}
		{93A69E7F-75EA-44D2-9722-82FACD4651AE} = {90DCDD13-6435-4B03-B771-C004D3C88955}
		{1A8725B0-9F95-4045-ACBA-7DECDA798BEE} = {FB085245-E91E-464E-81DC-39CADBB76247}
		{B0E19F64-8B8D-43EE-8605-39C27D736A22} = {1B24D5C3-69A0-4779-9F60-99E3E849EED6}
	EndGlobalSection
	GlobalSection(ExtensibilityGlobals) = postSolution
		SolutionGuid = {A593264B-9F84-4F5B-9ADE-8192E8F80EC3}
	EndGlobalSection
EndGlobal
